Microsoft Visual Studio Solution File, Format Version 12.00
# Visual Studio 2012
Project("{FAE04EC0-301F-11D3-BF4B-00C04F79EFBC}") = "Yagster", "Yagster.csproj", "{DBD46621-9F06-4797-9251-8A45DDA7FA44}"
EndProject
Global
	GlobalSection(SolutionConfigurationPlatforms) = preSolution
	Debug|Any CPU = Debug|Any CPU
	ExportDebug|Any CPU = ExportDebug|Any CPU
	ExportRelease|Any CPU = ExportRelease|Any CPU
	EndGlobalSection
	GlobalSection(ProjectConfigurationPlatforms) = postSolution
		{DBD46621-9F06-4797-9251-8A45DDA7FA44}.Debug|Any CPU.ActiveCfg = Debug|Any CPU
		{DBD46621-9F06-4797-9251-8A45DDA7FA44}.Debug|Any CPU.Build.0 = Debug|Any CPU
		{DBD46621-9F06-4797-9251-8A45DDA7FA44}.ExportDebug|Any CPU.ActiveCfg = ExportDebug|Any CPU
		{DBD46621-9F06-4797-9251-8A45DDA7FA44}.ExportDebug|Any CPU.Build.0 = ExportDebug|Any CPU
		{DBD46621-9F06-4797-9251-8A45DDA7FA44}.ExportRelease|Any CPU.ActiveCfg = ExportRelease|Any CPU
		{DBD46621-9F06-4797-9251-8A45DDA7FA44}.ExportRelease|Any CPU.Build.0 = ExportRelease|Any CPU
	EndGlobalSection
EndGlobal
